// !$*UTF8*$!
{
	archiveVersion = 1;
	classes = {
	};
	objectVersion = 56;
	objects = {

/* Begin PBXBuildFile section */
		FC17B1CB2C109AE4005B91ED /* WBChatApp.swift in Sources */ = {isa = PBXBuildFile; fileRef = FC17B1CA2C109AE4005B91ED /* WBChatApp.swift */; };
		FC17B1CF2C109AE7005B91ED /* Assets.xcassets in Resources */ = {isa = PBXBuildFile; fileRef = FC17B1CE2C109AE7005B91ED /* Assets.xcassets */; };
		FC17B1D22C109AE7005B91ED /* Preview Assets.xcassets in Resources */ = {isa = PBXBuildFile; fileRef = FC17B1D12C109AE7005B91ED /* Preview Assets.xcassets */; };
		FC17B1DA2C109B69005B91ED /* OnboardingScreen.swift in Sources */ = {isa = PBXBuildFile; fileRef = FC17B1D92C109B69005B91ED /* OnboardingScreen.swift */; };
		FC17B1DC2C109BA2005B91ED /* VerificationScreen.swift in Sources */ = {isa = PBXBuildFile; fileRef = FC17B1DB2C109BA2005B91ED /* VerificationScreen.swift */; };
		FC17B1E12C109F03005B91ED /* OnboardingScreen_ButtonsView.swift in Sources */ = {isa = PBXBuildFile; fileRef = FC17B1E02C109F03005B91ED /* OnboardingScreen_ButtonsView.swift */; };
		FC17B2FA2C133DBB005B91ED /* Contact.swift in Sources */ = {isa = PBXBuildFile; fileRef = FC17B2F92C133DBB005B91ED /* Contact.swift */; };
		FC17B2FC2C133DD8005B91ED /* ContactsViewModel.swift in Sources */ = {isa = PBXBuildFile; fileRef = FC17B2FB2C133DD8005B91ED /* ContactsViewModel.swift */; };
		FC17B2FE2C133E19005B91ED /* ContactsScreen.swift in Sources */ = {isa = PBXBuildFile; fileRef = FC17B2FD2C133E19005B91ED /* ContactsScreen.swift */; };
		FC17B3002C133E2F005B91ED /* ContactsScreen_RowView.swift in Sources */ = {isa = PBXBuildFile; fileRef = FC17B2FF2C133E2F005B91ED /* ContactsScreen_RowView.swift */; };
		FC17B3022C13429F005B91ED /* ContactsScreen_DetailView.swift in Sources */ = {isa = PBXBuildFile; fileRef = FC17B3012C13429F005B91ED /* ContactsScreen_DetailView.swift */; };
		FC17B3062C14D722005B91ED /* OnlineIndicatorView.swift in Sources */ = {isa = PBXBuildFile; fileRef = FC17B3052C14D722005B91ED /* OnlineIndicatorView.swift */; };
		FC17B30A2C15A0C9005B91ED /* Font+extension.swift in Sources */ = {isa = PBXBuildFile; fileRef = FC17B3092C15A0C9005B91ED /* Font+extension.swift */; };
		FC17B30E2C15AEE5005B91ED /* SeachBarView.swift in Sources */ = {isa = PBXBuildFile; fileRef = FC17B30D2C15AEE5005B91ED /* SeachBarView.swift */; };
		FC17B3102C15B8A2005B91ED /* NavigationBarView.swift in Sources */ = {isa = PBXBuildFile; fileRef = FC17B30F2C15B8A2005B91ED /* NavigationBarView.swift */; };
		FC17B3122C15F956005B91ED /* StoryIndicatorView.swift in Sources */ = {isa = PBXBuildFile; fileRef = FC17B3112C15F956005B91ED /* StoryIndicatorView.swift */; };
		FC17B3142C15FDBA005B91ED /* Color+extension.swift in Sources */ = {isa = PBXBuildFile; fileRef = FC17B3132C15FDBA005B91ED /* Color+extension.swift */; };
		FC17B3162C1601E3005B91ED /* PersonPhotoView.swift in Sources */ = {isa = PBXBuildFile; fileRef = FC17B3152C1601E3005B91ED /* PersonPhotoView.swift */; };
		FC17B3182C160527005B91ED /* PersonInfoView.swift in Sources */ = {isa = PBXBuildFile; fileRef = FC17B3172C160527005B91ED /* PersonInfoView.swift */; };
		FC17B31A2C1605D0005B91ED /* DividerView.swift in Sources */ = {isa = PBXBuildFile; fileRef = FC17B3192C1605D0005B91ED /* DividerView.swift */; };
		FC17B31C2C182E36005B91ED /* WBChatMainView.swift in Sources */ = {isa = PBXBuildFile; fileRef = FC17B31B2C182E36005B91ED /* WBChatMainView.swift */; };
		FC17B31F2C18318B005B91ED /* ChatsScreen.swift in Sources */ = {isa = PBXBuildFile; fileRef = FC17B31E2C18318B005B91ED /* ChatsScreen.swift */; };
		FC17B3222C1831A8005B91ED /* SettingsScreen.swift in Sources */ = {isa = PBXBuildFile; fileRef = FC17B3212C1831A8005B91ED /* SettingsScreen.swift */; };
		FC17B3252C184057005B91ED /* TabBarItemView.swift in Sources */ = {isa = PBXBuildFile; fileRef = FC17B3242C184057005B91ED /* TabBarItemView.swift */; };
		FC17B3272C184117005B91ED /* ChatTabBarView.swift in Sources */ = {isa = PBXBuildFile; fileRef = FC17B3262C184117005B91ED /* ChatTabBarView.swift */; };
		FC3AAEF92C25EF62003AB1D0 /* WidgetKit.framework in Frameworks */ = {isa = PBXBuildFile; fileRef = FC3AAEF82C25EF62003AB1D0 /* WidgetKit.framework */; };
		FC3AAEFB2C25EF62003AB1D0 /* SwiftUI.framework in Frameworks */ = {isa = PBXBuildFile; fileRef = FC3AAEFA2C25EF62003AB1D0 /* SwiftUI.framework */; };
		FC3AAEFE2C25EF62003AB1D0 /* ActiveUsersWidgetBundle.swift in Sources */ = {isa = PBXBuildFile; fileRef = FC3AAEFD2C25EF62003AB1D0 /* ActiveUsersWidgetBundle.swift */; };
		FC3AAF002C25EF62003AB1D0 /* ActiveUsersWidgetLiveActivity.swift in Sources */ = {isa = PBXBuildFile; fileRef = FC3AAEFF2C25EF62003AB1D0 /* ActiveUsersWidgetLiveActivity.swift */; };
		FC3AAF022C25EF62003AB1D0 /* ActiveUsersWidget.swift in Sources */ = {isa = PBXBuildFile; fileRef = FC3AAF012C25EF62003AB1D0 /* ActiveUsersWidget.swift */; };
		FC3AAF042C25EF62003AB1D0 /* AppIntent.swift in Sources */ = {isa = PBXBuildFile; fileRef = FC3AAF032C25EF62003AB1D0 /* AppIntent.swift */; };
		FC3AAF062C25EF65003AB1D0 /* Assets.xcassets in Resources */ = {isa = PBXBuildFile; fileRef = FC3AAF052C25EF65003AB1D0 /* Assets.xcassets */; };
		FC3AAF0A2C25EF65003AB1D0 /* ActiveUsersWidgetExtension.appex in Embed Foundation Extensions */ = {isa = PBXBuildFile; fileRef = FC3AAEF62C25EF62003AB1D0 /* ActiveUsersWidgetExtension.appex */; settings = {ATTRIBUTES = (RemoveHeadersOnCopy, ); }; };
		FC3AAF112C25F596003AB1D0 /* ActiveUsersWidget.swift in Sources */ = {isa = PBXBuildFile; fileRef = FC3AAF012C25EF62003AB1D0 /* ActiveUsersWidget.swift */; };
		FC3AAF122C25F6E6003AB1D0 /* ContactsViewModel.swift in Sources */ = {isa = PBXBuildFile; fileRef = FC17B2FB2C133DD8005B91ED /* ContactsViewModel.swift */; };
		FC3AAF132C25F6FA003AB1D0 /* Contact.swift in Sources */ = {isa = PBXBuildFile; fileRef = FC17B2F92C133DBB005B91ED /* Contact.swift */; };
		FC3AAF142C25F92B003AB1D0 /* PersonPhotoView.swift in Sources */ = {isa = PBXBuildFile; fileRef = FC17B3152C1601E3005B91ED /* PersonPhotoView.swift */; };
		FC3AAF152C25F930003AB1D0 /* PersonInfoView.swift in Sources */ = {isa = PBXBuildFile; fileRef = FC17B3172C160527005B91ED /* PersonInfoView.swift */; };
		FC3AAF162C25F99D003AB1D0 /* OnlineIndicatorView.swift in Sources */ = {isa = PBXBuildFile; fileRef = FC17B3052C14D722005B91ED /* OnlineIndicatorView.swift */; };
		FC3AAF172C25F9A3003AB1D0 /* StoryIndicatorView.swift in Sources */ = {isa = PBXBuildFile; fileRef = FC17B3112C15F956005B91ED /* StoryIndicatorView.swift */; };
		FC3AAF182C25F9B2003AB1D0 /* Font+extension.swift in Sources */ = {isa = PBXBuildFile; fileRef = FC17B3092C15A0C9005B91ED /* Font+extension.swift */; };
		FC3AAF192C25FA30003AB1D0 /* Color+extension.swift in Sources */ = {isa = PBXBuildFile; fileRef = FC17B3132C15FDBA005B91ED /* Color+extension.swift */; };
		FC3AAF1A2C25FEA4003AB1D0 /* ContactsScreen_RowView.swift in Sources */ = {isa = PBXBuildFile; fileRef = FC17B2FF2C133E2F005B91ED /* ContactsScreen_RowView.swift */; };
		FC3AAF1B2C25FEE0003AB1D0 /* DividerView.swift in Sources */ = {isa = PBXBuildFile; fileRef = FC17B3192C1605D0005B91ED /* DividerView.swift */; };
		FC3AAF1C2C26D160003AB1D0 /* Assets.xcassets in Resources */ = {isa = PBXBuildFile; fileRef = FC17B1CE2C109AE7005B91ED /* Assets.xcassets */; };
		FC3AAF232C26FDCD003AB1D0 /* Router.swift in Sources */ = {isa = PBXBuildFile; fileRef = FC3AAF222C26FDCD003AB1D0 /* Router.swift */; };
		FC3AAF272C2953F1003AB1D0 /* ContactsIntents.swift in Sources */ = {isa = PBXBuildFile; fileRef = FC3AAF262C2953F1003AB1D0 /* ContactsIntents.swift */; };
/* End PBXBuildFile section */

/* Begin PBXContainerItemProxy section */
		FC3AAF082C25EF65003AB1D0 /* PBXContainerItemProxy */ = {
			isa = PBXContainerItemProxy;
			containerPortal = FC17B1BF2C109AE4005B91ED /* Project object */;
			proxyType = 1;
			remoteGlobalIDString = FC3AAEF52C25EF62003AB1D0;
			remoteInfo = ActiveUsersWidgetExtension;
		};
/* End PBXContainerItemProxy section */

/* Begin PBXCopyFilesBuildPhase section */
		FC3AAECE2C25ED78003AB1D0 /* Embed Foundation Extensions */ = {
			isa = PBXCopyFilesBuildPhase;
			buildActionMask = 2147483647;
			dstPath = "";
			dstSubfolderSpec = 13;
			files = (
				FC3AAF0A2C25EF65003AB1D0 /* ActiveUsersWidgetExtension.appex in Embed Foundation Extensions */,
			);
			name = "Embed Foundation Extensions";
			runOnlyForDeploymentPostprocessing = 0;
		};
/* End PBXCopyFilesBuildPhase section */

/* Begin PBXFileReference section */
		FC17B1C72C109AE4005B91ED /* WBChat.app */ = {isa = PBXFileReference; explicitFileType = wrapper.application; includeInIndex = 0; path = WBChat.app; sourceTree = BUILT_PRODUCTS_DIR; };
		FC17B1CA2C109AE4005B91ED /* WBChatApp.swift */ = {isa = PBXFileReference; lastKnownFileType = sourcecode.swift; path = WBChatApp.swift; sourceTree = "<group>"; };
		FC17B1CE2C109AE7005B91ED /* Assets.xcassets */ = {isa = PBXFileReference; lastKnownFileType = folder.assetcatalog; path = Assets.xcassets; sourceTree = "<group>"; };
		FC17B1D12C109AE7005B91ED /* Preview Assets.xcassets */ = {isa = PBXFileReference; lastKnownFileType = folder.assetcatalog; path = "Preview Assets.xcassets"; sourceTree = "<group>"; };
		FC17B1D92C109B69005B91ED /* OnboardingScreen.swift */ = {isa = PBXFileReference; lastKnownFileType = sourcecode.swift; path = OnboardingScreen.swift; sourceTree = "<group>"; };
		FC17B1DB2C109BA2005B91ED /* VerificationScreen.swift */ = {isa = PBXFileReference; lastKnownFileType = sourcecode.swift; path = VerificationScreen.swift; sourceTree = "<group>"; };
		FC17B1E02C109F03005B91ED /* OnboardingScreen_ButtonsView.swift */ = {isa = PBXFileReference; lastKnownFileType = sourcecode.swift; path = OnboardingScreen_ButtonsView.swift; sourceTree = "<group>"; };
		FC17B2F92C133DBB005B91ED /* Contact.swift */ = {isa = PBXFileReference; lastKnownFileType = sourcecode.swift; path = Contact.swift; sourceTree = "<group>"; };
		FC17B2FB2C133DD8005B91ED /* ContactsViewModel.swift */ = {isa = PBXFileReference; lastKnownFileType = sourcecode.swift; path = ContactsViewModel.swift; sourceTree = "<group>"; };
		FC17B2FD2C133E19005B91ED /* ContactsScreen.swift */ = {isa = PBXFileReference; lastKnownFileType = sourcecode.swift; path = ContactsScreen.swift; sourceTree = "<group>"; };
		FC17B2FF2C133E2F005B91ED /* ContactsScreen_RowView.swift */ = {isa = PBXFileReference; lastKnownFileType = sourcecode.swift; path = ContactsScreen_RowView.swift; sourceTree = "<group>"; };
		FC17B3012C13429F005B91ED /* ContactsScreen_DetailView.swift */ = {isa = PBXFileReference; lastKnownFileType = sourcecode.swift; path = ContactsScreen_DetailView.swift; sourceTree = "<group>"; };
		FC17B3052C14D722005B91ED /* OnlineIndicatorView.swift */ = {isa = PBXFileReference; lastKnownFileType = sourcecode.swift; path = OnlineIndicatorView.swift; sourceTree = "<group>"; };
		FC17B3092C15A0C9005B91ED /* Font+extension.swift */ = {isa = PBXFileReference; lastKnownFileType = sourcecode.swift; path = "Font+extension.swift"; sourceTree = "<group>"; };
		FC17B30D2C15AEE5005B91ED /* SeachBarView.swift */ = {isa = PBXFileReference; lastKnownFileType = sourcecode.swift; path = SeachBarView.swift; sourceTree = "<group>"; };
		FC17B30F2C15B8A2005B91ED /* NavigationBarView.swift */ = {isa = PBXFileReference; lastKnownFileType = sourcecode.swift; path = NavigationBarView.swift; sourceTree = "<group>"; };
		FC17B3112C15F956005B91ED /* StoryIndicatorView.swift */ = {isa = PBXFileReference; lastKnownFileType = sourcecode.swift; path = StoryIndicatorView.swift; sourceTree = "<group>"; };
		FC17B3132C15FDBA005B91ED /* Color+extension.swift */ = {isa = PBXFileReference; lastKnownFileType = sourcecode.swift; path = "Color+extension.swift"; sourceTree = "<group>"; };
		FC17B3152C1601E3005B91ED /* PersonPhotoView.swift */ = {isa = PBXFileReference; lastKnownFileType = sourcecode.swift; path = PersonPhotoView.swift; sourceTree = "<group>"; };
		FC17B3172C160527005B91ED /* PersonInfoView.swift */ = {isa = PBXFileReference; lastKnownFileType = sourcecode.swift; path = PersonInfoView.swift; sourceTree = "<group>"; };
		FC17B3192C1605D0005B91ED /* DividerView.swift */ = {isa = PBXFileReference; lastKnownFileType = sourcecode.swift; path = DividerView.swift; sourceTree = "<group>"; };
		FC17B31B2C182E36005B91ED /* WBChatMainView.swift */ = {isa = PBXFileReference; lastKnownFileType = sourcecode.swift; path = WBChatMainView.swift; sourceTree = "<group>"; };
		FC17B31E2C18318B005B91ED /* ChatsScreen.swift */ = {isa = PBXFileReference; lastKnownFileType = sourcecode.swift; path = ChatsScreen.swift; sourceTree = "<group>"; };
		FC17B3212C1831A8005B91ED /* SettingsScreen.swift */ = {isa = PBXFileReference; lastKnownFileType = sourcecode.swift; path = SettingsScreen.swift; sourceTree = "<group>"; };
		FC17B3242C184057005B91ED /* TabBarItemView.swift */ = {isa = PBXFileReference; lastKnownFileType = sourcecode.swift; path = TabBarItemView.swift; sourceTree = "<group>"; };
		FC17B3262C184117005B91ED /* ChatTabBarView.swift */ = {isa = PBXFileReference; lastKnownFileType = sourcecode.swift; path = ChatTabBarView.swift; sourceTree = "<group>"; };
		FC3AAEF62C25EF62003AB1D0 /* ActiveUsersWidgetExtension.appex */ = {isa = PBXFileReference; explicitFileType = "wrapper.app-extension"; includeInIndex = 0; path = ActiveUsersWidgetExtension.appex; sourceTree = BUILT_PRODUCTS_DIR; };
		FC3AAEF82C25EF62003AB1D0 /* WidgetKit.framework */ = {isa = PBXFileReference; lastKnownFileType = wrapper.framework; name = WidgetKit.framework; path = System/Library/Frameworks/WidgetKit.framework; sourceTree = SDKROOT; };
		FC3AAEFA2C25EF62003AB1D0 /* SwiftUI.framework */ = {isa = PBXFileReference; lastKnownFileType = wrapper.framework; name = SwiftUI.framework; path = System/Library/Frameworks/SwiftUI.framework; sourceTree = SDKROOT; };
		FC3AAEFD2C25EF62003AB1D0 /* ActiveUsersWidgetBundle.swift */ = {isa = PBXFileReference; lastKnownFileType = sourcecode.swift; path = ActiveUsersWidgetBundle.swift; sourceTree = "<group>"; };
		FC3AAEFF2C25EF62003AB1D0 /* ActiveUsersWidgetLiveActivity.swift */ = {isa = PBXFileReference; lastKnownFileType = sourcecode.swift; path = ActiveUsersWidgetLiveActivity.swift; sourceTree = "<group>"; };
		FC3AAF012C25EF62003AB1D0 /* ActiveUsersWidget.swift */ = {isa = PBXFileReference; lastKnownFileType = sourcecode.swift; path = ActiveUsersWidget.swift; sourceTree = "<group>"; };
		FC3AAF032C25EF62003AB1D0 /* AppIntent.swift */ = {isa = PBXFileReference; lastKnownFileType = sourcecode.swift; path = AppIntent.swift; sourceTree = "<group>"; };
		FC3AAF052C25EF65003AB1D0 /* Assets.xcassets */ = {isa = PBXFileReference; lastKnownFileType = folder.assetcatalog; path = Assets.xcassets; sourceTree = "<group>"; };
		FC3AAF072C25EF65003AB1D0 /* Info.plist */ = {isa = PBXFileReference; lastKnownFileType = text.plist.xml; path = Info.plist; sourceTree = "<group>"; };
		FC3AAF222C26FDCD003AB1D0 /* Router.swift */ = {isa = PBXFileReference; lastKnownFileType = sourcecode.swift; path = Router.swift; sourceTree = "<group>"; };
		FC3AAF262C2953F1003AB1D0 /* ContactsIntents.swift */ = {isa = PBXFileReference; lastKnownFileType = sourcecode.swift; path = ContactsIntents.swift; sourceTree = "<group>"; };
/* End PBXFileReference section */

/* Begin PBXFrameworksBuildPhase section */
		FC17B1C42C109AE4005B91ED /* Frameworks */ = {
			isa = PBXFrameworksBuildPhase;
			buildActionMask = 2147483647;
			files = (
			);
			runOnlyForDeploymentPostprocessing = 0;
		};
		FC3AAEF32C25EF62003AB1D0 /* Frameworks */ = {
			isa = PBXFrameworksBuildPhase;
			buildActionMask = 2147483647;
			files = (
				FC3AAEFB2C25EF62003AB1D0 /* SwiftUI.framework in Frameworks */,
				FC3AAEF92C25EF62003AB1D0 /* WidgetKit.framework in Frameworks */,
			);
			runOnlyForDeploymentPostprocessing = 0;
		};
/* End PBXFrameworksBuildPhase section */

/* Begin PBXGroup section */
		FC17B1BE2C109AE4005B91ED = {
			isa = PBXGroup;
			children = (
				FC17B1C92C109AE4005B91ED /* WBChat */,
				FC3AAEFC2C25EF62003AB1D0 /* ActiveUsersWidget */,
				FC3AAEF72C25EF62003AB1D0 /* Frameworks */,
				FC17B1C82C109AE4005B91ED /* Products */,
			);
			sourceTree = "<group>";
		};
		FC17B1C82C109AE4005B91ED /* Products */ = {
			isa = PBXGroup;
			children = (
				FC17B1C72C109AE4005B91ED /* WBChat.app */,
				FC3AAEF62C25EF62003AB1D0 /* ActiveUsersWidgetExtension.appex */,
			);
			name = Products;
			sourceTree = "<group>";
		};
		FC17B1C92C109AE4005B91ED /* WBChat */ = {
			isa = PBXGroup;
			children = (
				FC17B1CA2C109AE4005B91ED /* WBChatApp.swift */,
				FC17B2F32C133C4F005B91ED /* Models */,
				FC17B1D82C109B4C005B91ED /* Views */,
				FC17B2F42C133C5E005B91ED /* ViewModels */,
				FC17B3032C14D6F5005B91ED /* Components */,
				FC3AAF212C26FDBD003AB1D0 /* Router */,
				FC3AAF252C2953CB003AB1D0 /* Intents */,
				FC17B3072C15A0A0005B91ED /* Extensions */,
				FC17B2F82C133D4A005B91ED /* Assets */,
				FC17B1D02C109AE7005B91ED /* Preview Content */,
			);
			path = WBChat;
			sourceTree = "<group>";
		};
		FC17B1D02C109AE7005B91ED /* Preview Content */ = {
			isa = PBXGroup;
			children = (
				FC17B1D12C109AE7005B91ED /* Preview Assets.xcassets */,
			);
			path = "Preview Content";
			sourceTree = "<group>";
		};
		FC17B1D82C109B4C005B91ED /* Views */ = {
			isa = PBXGroup;
			children = (
				FC17B31B2C182E36005B91ED /* WBChatMainView.swift */,
				FC17B3282C184406005B91ED /* OnboardingScreen */,
				FC17B2F62C133C8F005B91ED /* VerificationScreen */,
				FC17B2F52C133C7B005B91ED /* ContactsScreen */,
				FC17B3202C183198005B91ED /* SettingsScreen */,
				FC17B31D2C183177005B91ED /* ChatsScreen */,
			);
			path = Views;
			sourceTree = "<group>";
		};
		FC17B2F32C133C4F005B91ED /* Models */ = {
			isa = PBXGroup;
			children = (
				FC17B2F92C133DBB005B91ED /* Contact.swift */,
			);
			path = Models;
			sourceTree = "<group>";
		};
		FC17B2F42C133C5E005B91ED /* ViewModels */ = {
			isa = PBXGroup;
			children = (
				FC17B2FB2C133DD8005B91ED /* ContactsViewModel.swift */,
			);
			path = ViewModels;
			sourceTree = "<group>";
		};
		FC17B2F52C133C7B005B91ED /* ContactsScreen */ = {
			isa = PBXGroup;
			children = (
				FC17B2FD2C133E19005B91ED /* ContactsScreen.swift */,
				FC17B2FF2C133E2F005B91ED /* ContactsScreen_RowView.swift */,
				FC17B3012C13429F005B91ED /* ContactsScreen_DetailView.swift */,
			);
			path = ContactsScreen;
			sourceTree = "<group>";
		};
		FC17B2F62C133C8F005B91ED /* VerificationScreen */ = {
			isa = PBXGroup;
			children = (
				FC17B1DB2C109BA2005B91ED /* VerificationScreen.swift */,
			);
			path = VerificationScreen;
			sourceTree = "<group>";
		};
		FC17B2F82C133D4A005B91ED /* Assets */ = {
			isa = PBXGroup;
			children = (
				FC17B1CE2C109AE7005B91ED /* Assets.xcassets */,
			);
			path = Assets;
			sourceTree = "<group>";
		};
		FC17B3032C14D6F5005B91ED /* Components */ = {
			isa = PBXGroup;
			children = (
				FC17B3232C184020005B91ED /* ChatTabBarView */,
				FC17B1E02C109F03005B91ED /* OnboardingScreen_ButtonsView.swift */,
				FC17B30F2C15B8A2005B91ED /* NavigationBarView.swift */,
				FC17B30D2C15AEE5005B91ED /* SeachBarView.swift */,
				FC17B3052C14D722005B91ED /* OnlineIndicatorView.swift */,
				FC17B3112C15F956005B91ED /* StoryIndicatorView.swift */,
				FC17B3152C1601E3005B91ED /* PersonPhotoView.swift */,
				FC17B3172C160527005B91ED /* PersonInfoView.swift */,
				FC17B3192C1605D0005B91ED /* DividerView.swift */,
			);
			path = Components;
			sourceTree = "<group>";
		};
		FC17B3072C15A0A0005B91ED /* Extensions */ = {
			isa = PBXGroup;
			children = (
				FC17B3092C15A0C9005B91ED /* Font+extension.swift */,
				FC17B3132C15FDBA005B91ED /* Color+extension.swift */,
			);
			path = Extensions;
			sourceTree = "<group>";
		};
		FC17B31D2C183177005B91ED /* ChatsScreen */ = {
			isa = PBXGroup;
			children = (
				FC17B31E2C18318B005B91ED /* ChatsScreen.swift */,
			);
			path = ChatsScreen;
			sourceTree = "<group>";
		};
		FC17B3202C183198005B91ED /* SettingsScreen */ = {
			isa = PBXGroup;
			children = (
				FC17B3212C1831A8005B91ED /* SettingsScreen.swift */,
			);
			path = SettingsScreen;
			sourceTree = "<group>";
		};
		FC17B3232C184020005B91ED /* ChatTabBarView */ = {
			isa = PBXGroup;
			children = (
				FC17B3242C184057005B91ED /* TabBarItemView.swift */,
				FC17B3262C184117005B91ED /* ChatTabBarView.swift */,
			);
			path = ChatTabBarView;
			sourceTree = "<group>";
		};
		FC17B3282C184406005B91ED /* OnboardingScreen */ = {
			isa = PBXGroup;
			children = (
				FC17B1D92C109B69005B91ED /* OnboardingScreen.swift */,
			);
			path = OnboardingScreen;
			sourceTree = "<group>";
		};
		FC3AAEF72C25EF62003AB1D0 /* Frameworks */ = {
			isa = PBXGroup;
			children = (
				FC3AAEF82C25EF62003AB1D0 /* WidgetKit.framework */,
				FC3AAEFA2C25EF62003AB1D0 /* SwiftUI.framework */,
			);
			name = Frameworks;
			sourceTree = "<group>";
		};
		FC3AAEFC2C25EF62003AB1D0 /* ActiveUsersWidget */ = {
			isa = PBXGroup;
			children = (
				FC3AAEFD2C25EF62003AB1D0 /* ActiveUsersWidgetBundle.swift */,
				FC3AAEFF2C25EF62003AB1D0 /* ActiveUsersWidgetLiveActivity.swift */,
				FC3AAF012C25EF62003AB1D0 /* ActiveUsersWidget.swift */,
				FC3AAF032C25EF62003AB1D0 /* AppIntent.swift */,
				FC3AAF052C25EF65003AB1D0 /* Assets.xcassets */,
				FC3AAF072C25EF65003AB1D0 /* Info.plist */,
			);
			path = ActiveUsersWidget;
			sourceTree = "<group>";
		};
		FC3AAF212C26FDBD003AB1D0 /* Router */ = {
			isa = PBXGroup;
			children = (
				FC3AAF222C26FDCD003AB1D0 /* Router.swift */,
			);
			path = Router;
			sourceTree = "<group>";
		};
		FC3AAF252C2953CB003AB1D0 /* Intents */ = {
			isa = PBXGroup;
			children = (
				FC3AAF262C2953F1003AB1D0 /* ContactsIntents.swift */,
			);
			path = Intents;
			sourceTree = "<group>";
		};
/* End PBXGroup section */

/* Begin PBXNativeTarget section */
		FC17B1C62C109AE4005B91ED /* WBChat */ = {
			isa = PBXNativeTarget;
			buildConfigurationList = FC17B1D52C109AE7005B91ED /* Build configuration list for PBXNativeTarget "WBChat" */;
			buildPhases = (
				FC17B1C32C109AE4005B91ED /* Sources */,
				FC17B1C42C109AE4005B91ED /* Frameworks */,
				FC17B1C52C109AE4005B91ED /* Resources */,
				FC3AAECE2C25ED78003AB1D0 /* Embed Foundation Extensions */,
			);
			buildRules = (
			);
			dependencies = (
				FC3AAF092C25EF65003AB1D0 /* PBXTargetDependency */,
			);
			name = WBChat;
			productName = WBChat;
			productReference = FC17B1C72C109AE4005B91ED /* WBChat.app */;
			productType = "com.apple.product-type.application";
		};
		FC3AAEF52C25EF62003AB1D0 /* ActiveUsersWidgetExtension */ = {
			isa = PBXNativeTarget;
			buildConfigurationList = FC3AAF0B2C25EF65003AB1D0 /* Build configuration list for PBXNativeTarget "ActiveUsersWidgetExtension" */;
			buildPhases = (
				FC3AAEF22C25EF62003AB1D0 /* Sources */,
				FC3AAEF32C25EF62003AB1D0 /* Frameworks */,
				FC3AAEF42C25EF62003AB1D0 /* Resources */,
			);
			buildRules = (
			);
			dependencies = (
			);
			name = ActiveUsersWidgetExtension;
			productName = ActiveUsersWidgetExtension;
			productReference = FC3AAEF62C25EF62003AB1D0 /* ActiveUsersWidgetExtension.appex */;
			productType = "com.apple.product-type.app-extension";
		};
/* End PBXNativeTarget section */

/* Begin PBXProject section */
		FC17B1BF2C109AE4005B91ED /* Project object */ = {
			isa = PBXProject;
			attributes = {
				BuildIndependentTargetsInParallel = 1;
				LastSwiftUpdateCheck = 1520;
				LastUpgradeCheck = 1520;
				TargetAttributes = {
					FC17B1C62C109AE4005B91ED = {
						CreatedOnToolsVersion = 15.2;
					};
					FC3AAEF52C25EF62003AB1D0 = {
						CreatedOnToolsVersion = 15.2;
					};
				};
			};
			buildConfigurationList = FC17B1C22C109AE4005B91ED /* Build configuration list for PBXProject "WBChat" */;
			compatibilityVersion = "Xcode 14.0";
			developmentRegion = en;
			hasScannedForEncodings = 0;
			knownRegions = (
				en,
				Base,
			);
			mainGroup = FC17B1BE2C109AE4005B91ED;
			productRefGroup = FC17B1C82C109AE4005B91ED /* Products */;
			projectDirPath = "";
			projectRoot = "";
			targets = (
				FC17B1C62C109AE4005B91ED /* WBChat */,
				FC3AAEF52C25EF62003AB1D0 /* ActiveUsersWidgetExtension */,
			);
		};
/* End PBXProject section */

/* Begin PBXResourcesBuildPhase section */
		FC17B1C52C109AE4005B91ED /* Resources */ = {
			isa = PBXResourcesBuildPhase;
			buildActionMask = 2147483647;
			files = (
				FC17B1D22C109AE7005B91ED /* Preview Assets.xcassets in Resources */,
				FC17B1CF2C109AE7005B91ED /* Assets.xcassets in Resources */,
			);
			runOnlyForDeploymentPostprocessing = 0;
		};
		FC3AAEF42C25EF62003AB1D0 /* Resources */ = {
			isa = PBXResourcesBuildPhase;
			buildActionMask = 2147483647;
			files = (
				FC3AAF1C2C26D160003AB1D0 /* Assets.xcassets in Resources */,
				FC3AAF062C25EF65003AB1D0 /* Assets.xcassets in Resources */,
			);
			runOnlyForDeploymentPostprocessing = 0;
		};
/* End PBXResourcesBuildPhase section */

/* Begin PBXSourcesBuildPhase section */
		FC17B1C32C109AE4005B91ED /* Sources */ = {
			isa = PBXSourcesBuildPhase;
			buildActionMask = 2147483647;
			files = (
				FC17B3002C133E2F005B91ED /* ContactsScreen_RowView.swift in Sources */,
				FC17B3222C1831A8005B91ED /* SettingsScreen.swift in Sources */,
				FC3AAF232C26FDCD003AB1D0 /* Router.swift in Sources */,
				FC17B3182C160527005B91ED /* PersonInfoView.swift in Sources */,
				FC17B2FE2C133E19005B91ED /* ContactsScreen.swift in Sources */,
				FC3AAF112C25F596003AB1D0 /* ActiveUsersWidget.swift in Sources */,
				FC17B3102C15B8A2005B91ED /* NavigationBarView.swift in Sources */,
				FC17B30A2C15A0C9005B91ED /* Font+extension.swift in Sources */,
				FC17B3272C184117005B91ED /* ChatTabBarView.swift in Sources */,
				FC17B1CB2C109AE4005B91ED /* WBChatApp.swift in Sources */,
				FC17B3252C184057005B91ED /* TabBarItemView.swift in Sources */,
				FC17B2FC2C133DD8005B91ED /* ContactsViewModel.swift in Sources */,
				FC17B3122C15F956005B91ED /* StoryIndicatorView.swift in Sources */,
				FC17B3142C15FDBA005B91ED /* Color+extension.swift in Sources */,
				FC17B1DC2C109BA2005B91ED /* VerificationScreen.swift in Sources */,
				FC17B31C2C182E36005B91ED /* WBChatMainView.swift in Sources */,
				FC3AAF272C2953F1003AB1D0 /* ContactsIntents.swift in Sources */,
				FC17B31F2C18318B005B91ED /* ChatsScreen.swift in Sources */,
				FC17B31A2C1605D0005B91ED /* DividerView.swift in Sources */,
				FC17B3022C13429F005B91ED /* ContactsScreen_DetailView.swift in Sources */,
				FC17B2FA2C133DBB005B91ED /* Contact.swift in Sources */,
				FC17B3062C14D722005B91ED /* OnlineIndicatorView.swift in Sources */,
				FC17B3162C1601E3005B91ED /* PersonPhotoView.swift in Sources */,
				FC17B1DA2C109B69005B91ED /* OnboardingScreen.swift in Sources */,
				FC17B1E12C109F03005B91ED /* OnboardingScreen_ButtonsView.swift in Sources */,
				FC17B30E2C15AEE5005B91ED /* SeachBarView.swift in Sources */,
			);
			runOnlyForDeploymentPostprocessing = 0;
		};
		FC3AAEF22C25EF62003AB1D0 /* Sources */ = {
			isa = PBXSourcesBuildPhase;
			buildActionMask = 2147483647;
			files = (
				FC3AAF1A2C25FEA4003AB1D0 /* ContactsScreen_RowView.swift in Sources */,
				FC3AAF132C25F6FA003AB1D0 /* Contact.swift in Sources */,
				FC3AAF1B2C25FEE0003AB1D0 /* DividerView.swift in Sources */,
				FC3AAEFE2C25EF62003AB1D0 /* ActiveUsersWidgetBundle.swift in Sources */,
				FC3AAF182C25F9B2003AB1D0 /* Font+extension.swift in Sources */,
				FC3AAF172C25F9A3003AB1D0 /* StoryIndicatorView.swift in Sources */,
				FC3AAF142C25F92B003AB1D0 /* PersonPhotoView.swift in Sources */,
				FC3AAF122C25F6E6003AB1D0 /* ContactsViewModel.swift in Sources */,
				FC3AAF042C25EF62003AB1D0 /* AppIntent.swift in Sources */,
				FC3AAF192C25FA30003AB1D0 /* Color+extension.swift in Sources */,
				FC3AAF152C25F930003AB1D0 /* PersonInfoView.swift in Sources */,
				FC3AAF022C25EF62003AB1D0 /* ActiveUsersWidget.swift in Sources */,
				FC3AAF162C25F99D003AB1D0 /* OnlineIndicatorView.swift in Sources */,
				FC3AAF002C25EF62003AB1D0 /* ActiveUsersWidgetLiveActivity.swift in Sources */,
			);
			runOnlyForDeploymentPostprocessing = 0;
		};
/* End PBXSourcesBuildPhase section */

/* Begin PBXTargetDependency section */
		FC3AAF092C25EF65003AB1D0 /* PBXTargetDependency */ = {
			isa = PBXTargetDependency;
			target = FC3AAEF52C25EF62003AB1D0 /* ActiveUsersWidgetExtension */;
			targetProxy = FC3AAF082C25EF65003AB1D0 /* PBXContainerItemProxy */;
		};
/* End PBXTargetDependency section */

/* Begin XCBuildConfiguration section */
		FC17B1D32C109AE7005B91ED /* Debug */ = {
			isa = XCBuildConfiguration;
			buildSettings = {
				ALWAYS_SEARCH_USER_PATHS = NO;
				ASSETCATALOG_COMPILER_GENERATE_SWIFT_ASSET_SYMBOL_EXTENSIONS = YES;
				CLANG_ANALYZER_NONNULL = YES;
				CLANG_ANALYZER_NUMBER_OBJECT_CONVERSION = YES_AGGRESSIVE;
				CLANG_CXX_LANGUAGE_STANDARD = "gnu++20";
				CLANG_ENABLE_MODULES = YES;
				CLANG_ENABLE_OBJC_ARC = YES;
				CLANG_ENABLE_OBJC_WEAK = YES;
				CLANG_WARN_BLOCK_CAPTURE_AUTORELEASING = YES;
				CLANG_WARN_BOOL_CONVERSION = YES;
				CLANG_WARN_COMMA = YES;
				CLANG_WARN_CONSTANT_CONVERSION = YES;
				CLANG_WARN_DEPRECATED_OBJC_IMPLEMENTATIONS = YES;
				CLANG_WARN_DIRECT_OBJC_ISA_USAGE = YES_ERROR;
				CLANG_WARN_DOCUMENTATION_COMMENTS = YES;
				CLANG_WARN_EMPTY_BODY = YES;
				CLANG_WARN_ENUM_CONVERSION = YES;
				CLANG_WARN_INFINITE_RECURSION = YES;
				CLANG_WARN_INT_CONVERSION = YES;
				CLANG_WARN_NON_LITERAL_NULL_CONVERSION = YES;
				CLANG_WARN_OBJC_IMPLICIT_RETAIN_SELF = YES;
				CLANG_WARN_OBJC_LITERAL_CONVERSION = YES;
				CLANG_WARN_OBJC_ROOT_CLASS = YES_ERROR;
				CLANG_WARN_QUOTED_INCLUDE_IN_FRAMEWORK_HEADER = YES;
				CLANG_WARN_RANGE_LOOP_ANALYSIS = YES;
				CLANG_WARN_STRICT_PROTOTYPES = YES;
				CLANG_WARN_SUSPICIOUS_MOVE = YES;
				CLANG_WARN_UNGUARDED_AVAILABILITY = YES_AGGRESSIVE;
				CLANG_WARN_UNREACHABLE_CODE = YES;
				CLANG_WARN__DUPLICATE_METHOD_MATCH = YES;
				COPY_PHASE_STRIP = NO;
				DEBUG_INFORMATION_FORMAT = dwarf;
				ENABLE_STRICT_OBJC_MSGSEND = YES;
				ENABLE_TESTABILITY = YES;
				ENABLE_USER_SCRIPT_SANDBOXING = YES;
				GCC_C_LANGUAGE_STANDARD = gnu17;
				GCC_DYNAMIC_NO_PIC = NO;
				GCC_NO_COMMON_BLOCKS = YES;
				GCC_OPTIMIZATION_LEVEL = 0;
				GCC_PREPROCESSOR_DEFINITIONS = (
					"DEBUG=1",
					"$(inherited)",
				);
				GCC_WARN_64_TO_32_BIT_CONVERSION = YES;
				GCC_WARN_ABOUT_RETURN_TYPE = YES_ERROR;
				GCC_WARN_UNDECLARED_SELECTOR = YES;
				GCC_WARN_UNINITIALIZED_AUTOS = YES_AGGRESSIVE;
				GCC_WARN_UNUSED_FUNCTION = YES;
				GCC_WARN_UNUSED_VARIABLE = YES;
				IPHONEOS_DEPLOYMENT_TARGET = 17.2;
				LOCALIZATION_PREFERS_STRING_CATALOGS = YES;
				MTL_ENABLE_DEBUG_INFO = INCLUDE_SOURCE;
				MTL_FAST_MATH = YES;
				ONLY_ACTIVE_ARCH = YES;
				SDKROOT = iphoneos;
				SWIFT_ACTIVE_COMPILATION_CONDITIONS = "DEBUG $(inherited)";
				SWIFT_OPTIMIZATION_LEVEL = "-Onone";
			};
			name = Debug;
		};
		FC17B1D42C109AE7005B91ED /* Release */ = {
			isa = XCBuildConfiguration;
			buildSettings = {
				ALWAYS_SEARCH_USER_PATHS = NO;
				ASSETCATALOG_COMPILER_GENERATE_SWIFT_ASSET_SYMBOL_EXTENSIONS = YES;
				CLANG_ANALYZER_NONNULL = YES;
				CLANG_ANALYZER_NUMBER_OBJECT_CONVERSION = YES_AGGRESSIVE;
				CLANG_CXX_LANGUAGE_STANDARD = "gnu++20";
				CLANG_ENABLE_MODULES = YES;
				CLANG_ENABLE_OBJC_ARC = YES;
				CLANG_ENABLE_OBJC_WEAK = YES;
				CLANG_WARN_BLOCK_CAPTURE_AUTORELEASING = YES;
				CLANG_WARN_BOOL_CONVERSION = YES;
				CLANG_WARN_COMMA = YES;
				CLANG_WARN_CONSTANT_CONVERSION = YES;
				CLANG_WARN_DEPRECATED_OBJC_IMPLEMENTATIONS = YES;
				CLANG_WARN_DIRECT_OBJC_ISA_USAGE = YES_ERROR;
				CLANG_WARN_DOCUMENTATION_COMMENTS = YES;
				CLANG_WARN_EMPTY_BODY = YES;
				CLANG_WARN_ENUM_CONVERSION = YES;
				CLANG_WARN_INFINITE_RECURSION = YES;
				CLANG_WARN_INT_CONVERSION = YES;
				CLANG_WARN_NON_LITERAL_NULL_CONVERSION = YES;
				CLANG_WARN_OBJC_IMPLICIT_RETAIN_SELF = YES;
				CLANG_WARN_OBJC_LITERAL_CONVERSION = YES;
				CLANG_WARN_OBJC_ROOT_CLASS = YES_ERROR;
				CLANG_WARN_QUOTED_INCLUDE_IN_FRAMEWORK_HEADER = YES;
				CLANG_WARN_RANGE_LOOP_ANALYSIS = YES;
				CLANG_WARN_STRICT_PROTOTYPES = YES;
				CLANG_WARN_SUSPICIOUS_MOVE = YES;
				CLANG_WARN_UNGUARDED_AVAILABILITY = YES_AGGRESSIVE;
				CLANG_WARN_UNREACHABLE_CODE = YES;
				CLANG_WARN__DUPLICATE_METHOD_MATCH = YES;
				COPY_PHASE_STRIP = NO;
				DEBUG_INFORMATION_FORMAT = "dwarf-with-dsym";
				ENABLE_NS_ASSERTIONS = NO;
				ENABLE_STRICT_OBJC_MSGSEND = YES;
				ENABLE_USER_SCRIPT_SANDBOXING = YES;
				GCC_C_LANGUAGE_STANDARD = gnu17;
				GCC_NO_COMMON_BLOCKS = YES;
				GCC_WARN_64_TO_32_BIT_CONVERSION = YES;
				GCC_WARN_ABOUT_RETURN_TYPE = YES_ERROR;
				GCC_WARN_UNDECLARED_SELECTOR = YES;
				GCC_WARN_UNINITIALIZED_AUTOS = YES_AGGRESSIVE;
				GCC_WARN_UNUSED_FUNCTION = YES;
				GCC_WARN_UNUSED_VARIABLE = YES;
				IPHONEOS_DEPLOYMENT_TARGET = 17.2;
				LOCALIZATION_PREFERS_STRING_CATALOGS = YES;
				MTL_ENABLE_DEBUG_INFO = NO;
				MTL_FAST_MATH = YES;
				SDKROOT = iphoneos;
				SWIFT_COMPILATION_MODE = wholemodule;
				VALIDATE_PRODUCT = YES;
			};
			name = Release;
		};
		FC17B1D62C109AE7005B91ED /* Debug */ = {
			isa = XCBuildConfiguration;
			buildSettings = {
				ALWAYS_EMBED_SWIFT_STANDARD_LIBRARIES = YES;
				ASSETCATALOG_COMPILER_APPICON_NAME = AppIcon;
				ASSETCATALOG_COMPILER_GLOBAL_ACCENT_COLOR_NAME = AccentColor;
				CODE_SIGN_STYLE = Automatic;
				CURRENT_PROJECT_VERSION = 1;
				DEVELOPMENT_ASSET_PATHS = "\"WBChat/Preview Content\"";
				DEVELOPMENT_TEAM = CTY44DYVYJ;
				ENABLE_PREVIEWS = YES;
				GENERATE_INFOPLIST_FILE = YES;
				INFOPLIST_KEY_UIApplicationSceneManifest_Generation = YES;
				INFOPLIST_KEY_UIApplicationSupportsIndirectInputEvents = YES;
				INFOPLIST_KEY_UILaunchScreen_Generation = YES;
				INFOPLIST_KEY_UISupportedInterfaceOrientations = UIInterfaceOrientationPortrait;
				IPHONEOS_DEPLOYMENT_TARGET = 17.0;
				LD_RUNPATH_SEARCH_PATHS = (
					"$(inherited)",
					"@executable_path/Frameworks",
				);
				MARKETING_VERSION = 1.0;
				PRODUCT_BUNDLE_IDENTIFIER = blessthedevil.WBChat;
				PRODUCT_NAME = "$(TARGET_NAME)";
				SWIFT_EMIT_LOC_STRINGS = YES;
				SWIFT_VERSION = 5.0;
				TARGETED_DEVICE_FAMILY = "1,2";
			};
			name = Debug;
		};
		FC17B1D72C109AE7005B91ED /* Release */ = {
			isa = XCBuildConfiguration;
			buildSettings = {
				ALWAYS_EMBED_SWIFT_STANDARD_LIBRARIES = YES;
				ASSETCATALOG_COMPILER_APPICON_NAME = AppIcon;
				ASSETCATALOG_COMPILER_GLOBAL_ACCENT_COLOR_NAME = AccentColor;
				CODE_SIGN_STYLE = Automatic;
				CURRENT_PROJECT_VERSION = 1;
				DEVELOPMENT_ASSET_PATHS = "\"WBChat/Preview Content\"";
				DEVELOPMENT_TEAM = CTY44DYVYJ;
				ENABLE_PREVIEWS = YES;
				GENERATE_INFOPLIST_FILE = YES;
				INFOPLIST_KEY_UIApplicationSceneManifest_Generation = YES;
				INFOPLIST_KEY_UIApplicationSupportsIndirectInputEvents = YES;
				INFOPLIST_KEY_UILaunchScreen_Generation = YES;
				INFOPLIST_KEY_UISupportedInterfaceOrientations = UIInterfaceOrientationPortrait;
				IPHONEOS_DEPLOYMENT_TARGET = 17.0;
				LD_RUNPATH_SEARCH_PATHS = (
					"$(inherited)",
					"@executable_path/Frameworks",
				);
				MARKETING_VERSION = 1.0;
				PRODUCT_BUNDLE_IDENTIFIER = blessthedevil.WBChat;
				PRODUCT_NAME = "$(TARGET_NAME)";
				SWIFT_EMIT_LOC_STRINGS = YES;
				SWIFT_VERSION = 5.0;
				TARGETED_DEVICE_FAMILY = "1,2";
			};
			name = Release;
		};
		FC3AAF0C2C25EF65003AB1D0 /* Debug */ = {
			isa = XCBuildConfiguration;
			buildSettings = {
				ASSETCATALOG_COMPILER_GLOBAL_ACCENT_COLOR_NAME = AccentColor;
				ASSETCATALOG_COMPILER_WIDGET_BACKGROUND_COLOR_NAME = WidgetBackground;
				CODE_SIGN_STYLE = Automatic;
				CURRENT_PROJECT_VERSION = 1;
				DEVELOPMENT_TEAM = CTY44DYVYJ;
				GENERATE_INFOPLIST_FILE = YES;
				INFOPLIST_FILE = ActiveUsersWidget/Info.plist;
				INFOPLIST_KEY_CFBundleDisplayName = ActiveUsersWidget;
				INFOPLIST_KEY_NSHumanReadableCopyright = "";
				IPHONEOS_DEPLOYMENT_TARGET = 17.0;
				LD_RUNPATH_SEARCH_PATHS = (
					"$(inherited)",
					"@executable_path/Frameworks",
					"@executable_path/../../Frameworks",
				);
				MARKETING_VERSION = 1.0;
				PRODUCT_BUNDLE_IDENTIFIER = blessthedevil.WBChat.ActiveUsersWidget;
				PRODUCT_NAME = "$(TARGET_NAME)";
				SKIP_INSTALL = YES;
				SWIFT_EMIT_LOC_STRINGS = YES;
				SWIFT_VERSION = 5.0;
				TARGETED_DEVICE_FAMILY = "1,2";
			};
			name = Debug;
		};
		FC3AAF0D2C25EF65003AB1D0 /* Release */ = {
			isa = XCBuildConfiguration;
			buildSettings = {
				ASSETCATALOG_COMPILER_GLOBAL_ACCENT_COLOR_NAME = AccentColor;
				ASSETCATALOG_COMPILER_WIDGET_BACKGROUND_COLOR_NAME = WidgetBackground;
				CODE_SIGN_STYLE = Automatic;
				CURRENT_PROJECT_VERSION = 1;
				DEVELOPMENT_TEAM = CTY44DYVYJ;
				GENERATE_INFOPLIST_FILE = YES;
				INFOPLIST_FILE = ActiveUsersWidget/Info.plist;
				INFOPLIST_KEY_CFBundleDisplayName = ActiveUsersWidget;
				INFOPLIST_KEY_NSHumanReadableCopyright = "";
				IPHONEOS_DEPLOYMENT_TARGET = 17.0;
				LD_RUNPATH_SEARCH_PATHS = (
					"$(inherited)",
					"@executable_path/Frameworks",
					"@executable_path/../../Frameworks",
				);
				MARKETING_VERSION = 1.0;
				PRODUCT_BUNDLE_IDENTIFIER = blessthedevil.WBChat.ActiveUsersWidget;
				PRODUCT_NAME = "$(TARGET_NAME)";
				SKIP_INSTALL = YES;
				SWIFT_EMIT_LOC_STRINGS = YES;
				SWIFT_VERSION = 5.0;
				TARGETED_DEVICE_FAMILY = "1,2";
			};
			name = Release;
		};
/* End XCBuildConfiguration section */

/* Begin XCConfigurationList section */
		FC17B1C22C109AE4005B91ED /* Build configuration list for PBXProject "WBChat" */ = {
			isa = XCConfigurationList;
			buildConfigurations = (
				FC17B1D32C109AE7005B91ED /* Debug */,
				FC17B1D42C109AE7005B91ED /* Release */,
			);
			defaultConfigurationIsVisible = 0;
			defaultConfigurationName = Release;
		};
		FC17B1D52C109AE7005B91ED /* Build configuration list for PBXNativeTarget "WBChat" */ = {
			isa = XCConfigurationList;
			buildConfigurations = (
				FC17B1D62C109AE7005B91ED /* Debug */,
				FC17B1D72C109AE7005B91ED /* Release */,
			);
			defaultConfigurationIsVisible = 0;
			defaultConfigurationName = Release;
		};
		FC3AAF0B2C25EF65003AB1D0 /* Build configuration list for PBXNativeTarget "ActiveUsersWidgetExtension" */ = {
			isa = XCConfigurationList;
			buildConfigurations = (
				FC3AAF0C2C25EF65003AB1D0 /* Debug */,
				FC3AAF0D2C25EF65003AB1D0 /* Release */,
			);
			defaultConfigurationIsVisible = 0;
			defaultConfigurationName = Release;
		};
/* End XCConfigurationList section */
	};
	rootObject = FC17B1BF2C109AE4005B91ED /* Project object */;
}
