// !$*UTF8*$!
{
	archiveVersion = 1;
	classes = {
	};
	objectVersion = 56;
	objects = {

/* Begin PBXBuildFile section */
		FC17B1CB2C109AE4005B91ED /* WBChatApp.swift in Sources */ = {isa = PBXBuildFile; fileRef = FC17B1CA2C109AE4005B91ED /* WBChatApp.swift */; };
		FC17B1CF2C109AE7005B91ED /* Assets.xcassets in Resources */ = {isa = PBXBuildFile; fileRef = FC17B1CE2C109AE7005B91ED /* Assets.xcassets */; };
		FC17B1D22C109AE7005B91ED /* Preview Assets.xcassets in Resources */ = {isa = PBXBuildFile; fileRef = FC17B1D12C109AE7005B91ED /* Preview Assets.xcassets */; };
		FC17B1DA2C109B69005B91ED /* OnboardingScreen.swift in Sources */ = {isa = PBXBuildFile; fileRef = FC17B1D92C109B69005B91ED /* OnboardingScreen.swift */; };
		FC17B1DC2C109BA2005B91ED /* VerificationScreen.swift in Sources */ = {isa = PBXBuildFile; fileRef = FC17B1DB2C109BA2005B91ED /* VerificationScreen.swift */; };
		FC17B1E12C109F03005B91ED /* OnboardingScreen_ButtonView.swift in Sources */ = {isa = PBXBuildFile; fileRef = FC17B1E02C109F03005B91ED /* OnboardingScreen_ButtonView.swift */; };
		FC17B3302C1AC8CD005B91ED /* OnboardingScreen_InlineButtonsView.swift in Sources */ = {isa = PBXBuildFile; fileRef = FC17B32F2C1AC8CD005B91ED /* OnboardingScreen_InlineButtonsView.swift */; };
/* End PBXBuildFile section */

/* Begin PBXFileReference section */
		FC17B1C72C109AE4005B91ED /* WBChat.app */ = {isa = PBXFileReference; explicitFileType = wrapper.application; includeInIndex = 0; path = WBChat.app; sourceTree = BUILT_PRODUCTS_DIR; };
		FC17B1CA2C109AE4005B91ED /* WBChatApp.swift */ = {isa = PBXFileReference; lastKnownFileType = sourcecode.swift; path = WBChatApp.swift; sourceTree = "<group>"; };
		FC17B1CE2C109AE7005B91ED /* Assets.xcassets */ = {isa = PBXFileReference; lastKnownFileType = folder.assetcatalog; path = Assets.xcassets; sourceTree = "<group>"; };
		FC17B1D12C109AE7005B91ED /* Preview Assets.xcassets */ = {isa = PBXFileReference; lastKnownFileType = folder.assetcatalog; path = "Preview Assets.xcassets"; sourceTree = "<group>"; };
		FC17B1D92C109B69005B91ED /* OnboardingScreen.swift */ = {isa = PBXFileReference; lastKnownFileType = sourcecode.swift; path = OnboardingScreen.swift; sourceTree = "<group>"; };
		FC17B1DB2C109BA2005B91ED /* VerificationScreen.swift */ = {isa = PBXFileReference; lastKnownFileType = sourcecode.swift; path = VerificationScreen.swift; sourceTree = "<group>"; };
		FC17B1E02C109F03005B91ED /* OnboardingScreen_ButtonView.swift */ = {isa = PBXFileReference; lastKnownFileType = sourcecode.swift; path = OnboardingScreen_ButtonView.swift; sourceTree = "<group>"; };
		FC17B32F2C1AC8CD005B91ED /* OnboardingScreen_InlineButtonsView.swift */ = {isa = PBXFileReference; lastKnownFileType = sourcecode.swift; path = OnboardingScreen_InlineButtonsView.swift; sourceTree = "<group>"; };
/* End PBXFileReference section */

/* Begin PBXFrameworksBuildPhase section */
		FC17B1C42C109AE4005B91ED /* Frameworks */ = {
			isa = PBXFrameworksBuildPhase;
			buildActionMask = 2147483647;
			files = (
			);
			runOnlyForDeploymentPostprocessing = 0;
		};
/* End PBXFrameworksBuildPhase section */

/* Begin PBXGroup section */
		FC17B1BE2C109AE4005B91ED = {
			isa = PBXGroup;
			children = (
				FC17B1C92C109AE4005B91ED /* WBChat */,
				FC17B1C82C109AE4005B91ED /* Products */,
			);
			sourceTree = "<group>";
		};
		FC17B1C82C109AE4005B91ED /* Products */ = {
			isa = PBXGroup;
			children = (
				FC17B1C72C109AE4005B91ED /* WBChat.app */,
			);
			name = Products;
			sourceTree = "<group>";
		};
		FC17B1C92C109AE4005B91ED /* WBChat */ = {
			isa = PBXGroup;
			children = (
				FC17B1D82C109B4C005B91ED /* Views */,
				FC17B1CA2C109AE4005B91ED /* WBChatApp.swift */,
				FC17B1CE2C109AE7005B91ED /* Assets.xcassets */,
				FC17B1D02C109AE7005B91ED /* Preview Content */,
			);
			path = WBChat;
			sourceTree = "<group>";
		};
		FC17B1D02C109AE7005B91ED /* Preview Content */ = {
			isa = PBXGroup;
			children = (
				FC17B1D12C109AE7005B91ED /* Preview Assets.xcassets */,
			);
			path = "Preview Content";
			sourceTree = "<group>";
		};
		FC17B1D82C109B4C005B91ED /* Views */ = {
			isa = PBXGroup;
			children = (
				FC17B1DF2C109ED8005B91ED /* Onboarding */,
				FC17B1DB2C109BA2005B91ED /* VerificationScreen.swift */,
			);
			path = Views;
			sourceTree = "<group>";
		};
		FC17B1DF2C109ED8005B91ED /* Onboarding */ = {
			isa = PBXGroup;
			children = (
				FC17B32E2C1AC87A005B91ED /* Components */,
				FC17B1D92C109B69005B91ED /* OnboardingScreen.swift */,
			);
			path = Onboarding;
			sourceTree = "<group>";
		};
		FC17B32E2C1AC87A005B91ED /* Components */ = {
			isa = PBXGroup;
			children = (
				FC17B1E02C109F03005B91ED /* OnboardingScreen_ButtonView.swift */,
				FC17B32F2C1AC8CD005B91ED /* OnboardingScreen_InlineButtonsView.swift */,
			);
			path = Components;
			sourceTree = "<group>";
		};
/* End PBXGroup section */

/* Begin PBXNativeTarget section */
		FC17B1C62C109AE4005B91ED /* WBChat */ = {
			isa = PBXNativeTarget;
			buildConfigurationList = FC17B1D52C109AE7005B91ED /* Build configuration list for PBXNativeTarget "WBChat" */;
			buildPhases = (
				FC17B1C32C109AE4005B91ED /* Sources */,
				FC17B1C42C109AE4005B91ED /* Frameworks */,
				FC17B1C52C109AE4005B91ED /* Resources */,
			);
			buildRules = (
			);
			dependencies = (
			);
			name = WBChat;
			productName = WBChat;
			productReference = FC17B1C72C109AE4005B91ED /* WBChat.app */;
			productType = "com.apple.product-type.application";
		};
/* End PBXNativeTarget section */

/* Begin PBXProject section */
		FC17B1BF2C109AE4005B91ED /* Project object */ = {
			isa = PBXProject;
			attributes = {
				BuildIndependentTargetsInParallel = 1;
				LastSwiftUpdateCheck = 1520;
				LastUpgradeCheck = 1520;
				TargetAttributes = {
					FC17B1C62C109AE4005B91ED = {
						CreatedOnToolsVersion = 15.2;
					};
				};
			};
			buildConfigurationList = FC17B1C22C109AE4005B91ED /* Build configuration list for PBXProject "WBChat" */;
			compatibilityVersion = "Xcode 14.0";
			developmentRegion = en;
			hasScannedForEncodings = 0;
			knownRegions = (
				en,
				Base,
			);
			mainGroup = FC17B1BE2C109AE4005B91ED;
			productRefGroup = FC17B1C82C109AE4005B91ED /* Products */;
			projectDirPath = "";
			projectRoot = "";
			targets = (
				FC17B1C62C109AE4005B91ED /* WBChat */,
			);
		};
/* End PBXProject section */

/* Begin PBXResourcesBuildPhase section */
		FC17B1C52C109AE4005B91ED /* Resources */ = {
			isa = PBXResourcesBuildPhase;
			buildActionMask = 2147483647;
			files = (
				FC17B1D22C109AE7005B91ED /* Preview Assets.xcassets in Resources */,
				FC17B1CF2C109AE7005B91ED /* Assets.xcassets in Resources */,
			);
			runOnlyForDeploymentPostprocessing = 0;
		};
/* End PBXResourcesBuildPhase section */

/* Begin PBXSourcesBuildPhase section */
		FC17B1C32C109AE4005B91ED /* Sources */ = {
			isa = PBXSourcesBuildPhase;
			buildActionMask = 2147483647;
			files = (
				FC17B1CB2C109AE4005B91ED /* WBChatApp.swift in Sources */,
				FC17B1DC2C109BA2005B91ED /* VerificationScreen.swift in Sources */,
				FC17B1DA2C109B69005B91ED /* OnboardingScreen.swift in Sources */,
				FC17B3302C1AC8CD005B91ED /* OnboardingScreen_InlineButtonsView.swift in Sources */,
				FC17B1E12C109F03005B91ED /* OnboardingScreen_ButtonView.swift in Sources */,
			);
			runOnlyForDeploymentPostprocessing = 0;
		};
/* End PBXSourcesBuildPhase section */

/* Begin XCBuildConfiguration section */
		FC17B1D32C109AE7005B91ED /* Debug */ = {
			isa = XCBuildConfiguration;
			buildSettings = {
				ALWAYS_SEARCH_USER_PATHS = NO;
				ASSETCATALOG_COMPILER_GENERATE_SWIFT_ASSET_SYMBOL_EXTENSIONS = YES;
				CLANG_ANALYZER_NONNULL = YES;
				CLANG_ANALYZER_NUMBER_OBJECT_CONVERSION = YES_AGGRESSIVE;
				CLANG_CXX_LANGUAGE_STANDARD = "gnu++20";
				CLANG_ENABLE_MODULES = YES;
				CLANG_ENABLE_OBJC_ARC = YES;
				CLANG_ENABLE_OBJC_WEAK = YES;
				CLANG_WARN_BLOCK_CAPTURE_AUTORELEASING = YES;
				CLANG_WARN_BOOL_CONVERSION = YES;
				CLANG_WARN_COMMA = YES;
				CLANG_WARN_CONSTANT_CONVERSION = YES;
				CLANG_WARN_DEPRECATED_OBJC_IMPLEMENTATIONS = YES;
				CLANG_WARN_DIRECT_OBJC_ISA_USAGE = YES_ERROR;
				CLANG_WARN_DOCUMENTATION_COMMENTS = YES;
				CLANG_WARN_EMPTY_BODY = YES;
				CLANG_WARN_ENUM_CONVERSION = YES;
				CLANG_WARN_INFINITE_RECURSION = YES;
				CLANG_WARN_INT_CONVERSION = YES;
				CLANG_WARN_NON_LITERAL_NULL_CONVERSION = YES;
				CLANG_WARN_OBJC_IMPLICIT_RETAIN_SELF = YES;
				CLANG_WARN_OBJC_LITERAL_CONVERSION = YES;
				CLANG_WARN_OBJC_ROOT_CLASS = YES_ERROR;
				CLANG_WARN_QUOTED_INCLUDE_IN_FRAMEWORK_HEADER = YES;
				CLANG_WARN_RANGE_LOOP_ANALYSIS = YES;
				CLANG_WARN_STRICT_PROTOTYPES = YES;
				CLANG_WARN_SUSPICIOUS_MOVE = YES;
				CLANG_WARN_UNGUARDED_AVAILABILITY = YES_AGGRESSIVE;
				CLANG_WARN_UNREACHABLE_CODE = YES;
				CLANG_WARN__DUPLICATE_METHOD_MATCH = YES;
				COPY_PHASE_STRIP = NO;
				DEBUG_INFORMATION_FORMAT = dwarf;
				ENABLE_STRICT_OBJC_MSGSEND = YES;
				ENABLE_TESTABILITY = YES;
				ENABLE_USER_SCRIPT_SANDBOXING = YES;
				GCC_C_LANGUAGE_STANDARD = gnu17;
				GCC_DYNAMIC_NO_PIC = NO;
				GCC_NO_COMMON_BLOCKS = YES;
				GCC_OPTIMIZATION_LEVEL = 0;
				GCC_PREPROCESSOR_DEFINITIONS = (
					"DEBUG=1",
					"$(inherited)",
				);
				GCC_WARN_64_TO_32_BIT_CONVERSION = YES;
				GCC_WARN_ABOUT_RETURN_TYPE = YES_ERROR;
				GCC_WARN_UNDECLARED_SELECTOR = YES;
				GCC_WARN_UNINITIALIZED_AUTOS = YES_AGGRESSIVE;
				GCC_WARN_UNUSED_FUNCTION = YES;
				GCC_WARN_UNUSED_VARIABLE = YES;
				IPHONEOS_DEPLOYMENT_TARGET = 17.2;
				LOCALIZATION_PREFERS_STRING_CATALOGS = YES;
				MTL_ENABLE_DEBUG_INFO = INCLUDE_SOURCE;
				MTL_FAST_MATH = YES;
				ONLY_ACTIVE_ARCH = YES;
				SDKROOT = iphoneos;
				SWIFT_ACTIVE_COMPILATION_CONDITIONS = "DEBUG $(inherited)";
				SWIFT_OPTIMIZATION_LEVEL = "-Onone";
			};
			name = Debug;
		};
		FC17B1D42C109AE7005B91ED /* Release */ = {
			isa = XCBuildConfiguration;
			buildSettings = {
				ALWAYS_SEARCH_USER_PATHS = NO;
				ASSETCATALOG_COMPILER_GENERATE_SWIFT_ASSET_SYMBOL_EXTENSIONS = YES;
				CLANG_ANALYZER_NONNULL = YES;
				CLANG_ANALYZER_NUMBER_OBJECT_CONVERSION = YES_AGGRESSIVE;
				CLANG_CXX_LANGUAGE_STANDARD = "gnu++20";
				CLANG_ENABLE_MODULES = YES;
				CLANG_ENABLE_OBJC_ARC = YES;
				CLANG_ENABLE_OBJC_WEAK = YES;
				CLANG_WARN_BLOCK_CAPTURE_AUTORELEASING = YES;
				CLANG_WARN_BOOL_CONVERSION = YES;
				CLANG_WARN_COMMA = YES;
				CLANG_WARN_CONSTANT_CONVERSION = YES;
				CLANG_WARN_DEPRECATED_OBJC_IMPLEMENTATIONS = YES;
				CLANG_WARN_DIRECT_OBJC_ISA_USAGE = YES_ERROR;
				CLANG_WARN_DOCUMENTATION_COMMENTS = YES;
				CLANG_WARN_EMPTY_BODY = YES;
				CLANG_WARN_ENUM_CONVERSION = YES;
				CLANG_WARN_INFINITE_RECURSION = YES;
				CLANG_WARN_INT_CONVERSION = YES;
				CLANG_WARN_NON_LITERAL_NULL_CONVERSION = YES;
				CLANG_WARN_OBJC_IMPLICIT_RETAIN_SELF = YES;
				CLANG_WARN_OBJC_LITERAL_CONVERSION = YES;
				CLANG_WARN_OBJC_ROOT_CLASS = YES_ERROR;
				CLANG_WARN_QUOTED_INCLUDE_IN_FRAMEWORK_HEADER = YES;
				CLANG_WARN_RANGE_LOOP_ANALYSIS = YES;
				CLANG_WARN_STRICT_PROTOTYPES = YES;
				CLANG_WARN_SUSPICIOUS_MOVE = YES;
				CLANG_WARN_UNGUARDED_AVAILABILITY = YES_AGGRESSIVE;
				CLANG_WARN_UNREACHABLE_CODE = YES;
				CLANG_WARN__DUPLICATE_METHOD_MATCH = YES;
				COPY_PHASE_STRIP = NO;
				DEBUG_INFORMATION_FORMAT = "dwarf-with-dsym";
				ENABLE_NS_ASSERTIONS = NO;
				ENABLE_STRICT_OBJC_MSGSEND = YES;
				ENABLE_USER_SCRIPT_SANDBOXING = YES;
				GCC_C_LANGUAGE_STANDARD = gnu17;
				GCC_NO_COMMON_BLOCKS = YES;
				GCC_WARN_64_TO_32_BIT_CONVERSION = YES;
				GCC_WARN_ABOUT_RETURN_TYPE = YES_ERROR;
				GCC_WARN_UNDECLARED_SELECTOR = YES;
				GCC_WARN_UNINITIALIZED_AUTOS = YES_AGGRESSIVE;
				GCC_WARN_UNUSED_FUNCTION = YES;
				GCC_WARN_UNUSED_VARIABLE = YES;
				IPHONEOS_DEPLOYMENT_TARGET = 17.2;
				LOCALIZATION_PREFERS_STRING_CATALOGS = YES;
				MTL_ENABLE_DEBUG_INFO = NO;
				MTL_FAST_MATH = YES;
				SDKROOT = iphoneos;
				SWIFT_COMPILATION_MODE = wholemodule;
				VALIDATE_PRODUCT = YES;
			};
			name = Release;
		};
		FC17B1D62C109AE7005B91ED /* Debug */ = {
			isa = XCBuildConfiguration;
			buildSettings = {
				ASSETCATALOG_COMPILER_APPICON_NAME = AppIcon;
				ASSETCATALOG_COMPILER_GLOBAL_ACCENT_COLOR_NAME = AccentColor;
				CODE_SIGN_STYLE = Automatic;
				CURRENT_PROJECT_VERSION = 1;
				DEVELOPMENT_ASSET_PATHS = "\"WBChat/Preview Content\"";
				DEVELOPMENT_TEAM = CTY44DYVYJ;
				ENABLE_PREVIEWS = YES;
				GENERATE_INFOPLIST_FILE = YES;
				INFOPLIST_KEY_UIApplicationSceneManifest_Generation = YES;
				INFOPLIST_KEY_UIApplicationSupportsIndirectInputEvents = YES;
				INFOPLIST_KEY_UILaunchScreen_Generation = YES;
				INFOPLIST_KEY_UISupportedInterfaceOrientations_iPad = "UIInterfaceOrientationPortrait UIInterfaceOrientationPortraitUpsideDown UIInterfaceOrientationLandscapeLeft UIInterfaceOrientationLandscapeRight";
				INFOPLIST_KEY_UISupportedInterfaceOrientations_iPhone = "UIInterfaceOrientationPortrait UIInterfaceOrientationLandscapeLeft UIInterfaceOrientationLandscapeRight";
				LD_RUNPATH_SEARCH_PATHS = (
					"$(inherited)",
					"@executable_path/Frameworks",
				);
				MARKETING_VERSION = 1.0;
				PRODUCT_BUNDLE_IDENTIFIER = blessthedevil.WBChat;
				PRODUCT_NAME = "$(TARGET_NAME)";
				SWIFT_EMIT_LOC_STRINGS = YES;
				SWIFT_VERSION = 5.0;
				TARGETED_DEVICE_FAMILY = "1,2";
			};
			name = Debug;
		};
		FC17B1D72C109AE7005B91ED /* Release */ = {
			isa = XCBuildConfiguration;
			buildSettings = {
				ASSETCATALOG_COMPILER_APPICON_NAME = AppIcon;
				ASSETCATALOG_COMPILER_GLOBAL_ACCENT_COLOR_NAME = AccentColor;
				CODE_SIGN_STYLE = Automatic;
				CURRENT_PROJECT_VERSION = 1;
				DEVELOPMENT_ASSET_PATHS = "\"WBChat/Preview Content\"";
				DEVELOPMENT_TEAM = CTY44DYVYJ;
				ENABLE_PREVIEWS = YES;
				GENERATE_INFOPLIST_FILE = YES;
				INFOPLIST_KEY_UIApplicationSceneManifest_Generation = YES;
				INFOPLIST_KEY_UIApplicationSupportsIndirectInputEvents = YES;
				INFOPLIST_KEY_UILaunchScreen_Generation = YES;
				INFOPLIST_KEY_UISupportedInterfaceOrientations_iPad = "UIInterfaceOrientationPortrait UIInterfaceOrientationPortraitUpsideDown UIInterfaceOrientationLandscapeLeft UIInterfaceOrientationLandscapeRight";
				INFOPLIST_KEY_UISupportedInterfaceOrientations_iPhone = "UIInterfaceOrientationPortrait UIInterfaceOrientationLandscapeLeft UIInterfaceOrientationLandscapeRight";
				LD_RUNPATH_SEARCH_PATHS = (
					"$(inherited)",
					"@executable_path/Frameworks",
				);
				MARKETING_VERSION = 1.0;
				PRODUCT_BUNDLE_IDENTIFIER = blessthedevil.WBChat;
				PRODUCT_NAME = "$(TARGET_NAME)";
				SWIFT_EMIT_LOC_STRINGS = YES;
				SWIFT_VERSION = 5.0;
				TARGETED_DEVICE_FAMILY = "1,2";
			};
			name = Release;
		};
/* End XCBuildConfiguration section */

/* Begin XCConfigurationList section */
		FC17B1C22C109AE4005B91ED /* Build configuration list for PBXProject "WBChat" */ = {
			isa = XCConfigurationList;
			buildConfigurations = (
				FC17B1D32C109AE7005B91ED /* Debug */,
				FC17B1D42C109AE7005B91ED /* Release */,
			);
			defaultConfigurationIsVisible = 0;
			defaultConfigurationName = Release;
		};
		FC17B1D52C109AE7005B91ED /* Build configuration list for PBXNativeTarget "WBChat" */ = {
			isa = XCConfigurationList;
			buildConfigurations = (
				FC17B1D62C109AE7005B91ED /* Debug */,
				FC17B1D72C109AE7005B91ED /* Release */,
			);
			defaultConfigurationIsVisible = 0;
			defaultConfigurationName = Release;
		};
/* End XCConfigurationList section */
	};
	rootObject = FC17B1BF2C109AE4005B91ED /* Project object */;
}
